
Microsoft Visual Studio Solution File, Format Version 12.00
# Visual Studio Version 16
VisualStudioVersion = 16.0.29021.104
MinimumVisualStudioVersion = 10.0.40219.1
Project("{FAE04EC0-301F-11D3-BF4B-00C04F79EFBC}") = "BlazorPlayground.Server", "BlazorPlayground.Server\BlazorPlayground.Server.csproj", "{6B1880FD-286E-4FE4-B446-33CD8CA62F03}"
EndProject
Project("{FAE04EC0-301F-11D3-BF4B-00C04F79EFBC}") = "BlazorPlayground.Client", "BlazorPlayground.Client\BlazorPlayground.Client.csproj", "{6B95F59D-8299-42AC-B293-4ADB4DB98DD3}"
EndProject
Project("{FAE04EC0-301F-11D3-BF4B-00C04F79EFBC}") = "BlazorPlayground.Shared", "BlazorPlayground.Shared\BlazorPlayground.Shared.csproj", "{536BE42A-BBB9-49C8-83DE-C57EFAB16686}"
EndProject
Global
	GlobalSection(SolutionConfigurationPlatforms) = preSolution
		Debug|Any CPU = Debug|Any CPU
		Release|Any CPU = Release|Any CPU
	EndGlobalSection
	GlobalSection(ProjectConfigurationPlatforms) = postSolution
		{6B1880FD-286E-4FE4-B446-33CD8CA62F03}.Debug|Any CPU.ActiveCfg = Debug|Any CPU
		{6B1880FD-286E-4FE4-B446-33CD8CA62F03}.Debug|Any CPU.Build.0 = Debug|Any CPU
		{6B1880FD-286E-4FE4-B446-33CD8CA62F03}.Release|Any CPU.ActiveCfg = Release|Any CPU
		{6B1880FD-286E-4FE4-B446-33CD8CA62F03}.Release|Any CPU.Build.0 = Release|Any CPU
		{6B95F59D-8299-42AC-B293-4ADB4DB98DD3}.Debug|Any CPU.ActiveCfg = Debug|Any CPU
		{6B95F59D-8299-42AC-B293-4ADB4DB98DD3}.Debug|Any CPU.Build.0 = Debug|Any CPU
		{6B95F59D-8299-42AC-B293-4ADB4DB98DD3}.Release|Any CPU.ActiveCfg = Release|Any CPU
		{6B95F59D-8299-42AC-B293-4ADB4DB98DD3}.Release|Any CPU.Build.0 = Release|Any CPU
		{536BE42A-BBB9-49C8-83DE-C57EFAB16686}.Debug|Any CPU.ActiveCfg = Debug|Any CPU
		{536BE42A-BBB9-49C8-83DE-C57EFAB16686}.Debug|Any CPU.Build.0 = Debug|Any CPU
		{536BE42A-BBB9-49C8-83DE-C57EFAB16686}.Release|Any CPU.ActiveCfg = Release|Any CPU
		{536BE42A-BBB9-49C8-83DE-C57EFAB16686}.Release|Any CPU.Build.0 = Release|Any CPU
	EndGlobalSection
	GlobalSection(SolutionProperties) = preSolution
		HideSolutionNode = FALSE
	EndGlobalSection
	GlobalSection(ExtensibilityGlobals) = postSolution
		SolutionGuid = {61580C84-82A7-40CC-8E16-D3BE3782FF37}
	EndGlobalSection
EndGlobal
